
Microsoft Visual Studio Solution File, Format Version 12.00
# Visual Studio Version 17
VisualStudioVersion = 17.7.34024.191
MinimumVisualStudioVersion = 10.0.40219.1
Project("{FAE04EC0-301F-11D3-BF4B-00C04F79EFBC}") = "ThreeSome", "ThreeSome\ThreeSome.csproj", "{F8022320-66C1-46B0-B4E8-2C24220E9C6A}"
EndProject
Global
	GlobalSection(SolutionConfigurationPlatforms) = preSolution
		Debug|Any CPU = Debug|Any CPU
		Release|Any CPU = Release|Any CPU
	EndGlobalSection
	GlobalSection(ProjectConfigurationPlatforms) = postSolution
		{F8022320-66C1-46B0-B4E8-2C24220E9C6A}.Debug|Any CPU.ActiveCfg = Debug|Any CPU
		{F8022320-66C1-46B0-B4E8-2C24220E9C6A}.Debug|Any CPU.Build.0 = Debug|Any CPU
		{F8022320-66C1-46B0-B4E8-2C24220E9C6A}.Release|Any CPU.ActiveCfg = Release|Any CPU
		{F8022320-66C1-46B0-B4E8-2C24220E9C6A}.Release|Any CPU.Build.0 = Release|Any CPU
	EndGlobalSection
	GlobalSection(SolutionProperties) = preSolution
		HideSolutionNode = FALSE
	EndGlobalSection
	GlobalSection(ExtensibilityGlobals) = postSolution
		SolutionGuid = {C7AD2229-FE3C-4B02-916B-2DE5F840070E}
	EndGlobalSection
EndGlobal
